
Microsoft Visual Studio Solution File, Format Version 12.00
# Visual Studio Version 16
VisualStudioVersion = 16.0.31727.386
MinimumVisualStudioVersion = 10.0.40219.1
Project("{9A19103F-16F7-4668-BE54-9A1E7A4F7556}") = "Question 4", "Question 4.csproj", "{6BF0925F-0FD2-4497-920F-8292306C90CD}"
EndProject
Global
	GlobalSection(SolutionConfigurationPlatforms) = preSolution
		Debug|Any CPU = Debug|Any CPU
		Release|Any CPU = Release|Any CPU
	EndGlobalSection
	GlobalSection(ProjectConfigurationPlatforms) = postSolution
		{6BF0925F-0FD2-4497-920F-8292306C90CD}.Debug|Any CPU.ActiveCfg = Debug|Any CPU
		{6BF0925F-0FD2-4497-920F-8292306C90CD}.Debug|Any CPU.Build.0 = Debug|Any CPU
		{6BF0925F-0FD2-4497-920F-8292306C90CD}.Release|Any CPU.ActiveCfg = Release|Any CPU
		{6BF0925F-0FD2-4497-920F-8292306C90CD}.Release|Any CPU.Build.0 = Release|Any CPU
	EndGlobalSection
	GlobalSection(SolutionProperties) = preSolution
		HideSolutionNode = FALSE
	EndGlobalSection
	GlobalSection(ExtensibilityGlobals) = postSolution
		SolutionGuid = {D23A72B8-828D-427E-A07A-B414B52D7E7C}
	EndGlobalSection
EndGlobal
