
Microsoft Visual Studio Solution File, Format Version 12.00
# Visual Studio Version 16
VisualStudioVersion = 16.0.31727.386
MinimumVisualStudioVersion = 10.0.40219.1
Project("{9A19103F-16F7-4668-BE54-9A1E7A4F7556}") = "Question 17", "Question 17.csproj", "{E7D118F8-C843-4188-8CFD-2078C02AEDA4}"
EndProject
Global
	GlobalSection(SolutionConfigurationPlatforms) = preSolution
		Debug|Any CPU = Debug|Any CPU
		Release|Any CPU = Release|Any CPU
	EndGlobalSection
	GlobalSection(ProjectConfigurationPlatforms) = postSolution
		{E7D118F8-C843-4188-8CFD-2078C02AEDA4}.Debug|Any CPU.ActiveCfg = Debug|Any CPU
		{E7D118F8-C843-4188-8CFD-2078C02AEDA4}.Debug|Any CPU.Build.0 = Debug|Any CPU
		{E7D118F8-C843-4188-8CFD-2078C02AEDA4}.Release|Any CPU.ActiveCfg = Release|Any CPU
		{E7D118F8-C843-4188-8CFD-2078C02AEDA4}.Release|Any CPU.Build.0 = Release|Any CPU
	EndGlobalSection
	GlobalSection(SolutionProperties) = preSolution
		HideSolutionNode = FALSE
	EndGlobalSection
	GlobalSection(ExtensibilityGlobals) = postSolution
		SolutionGuid = {3B7687CC-0636-4858-B1B3-C720D8358319}
	EndGlobalSection
EndGlobal
